---
lockfileVersion: 1
lockfileVendor: redhat
arches:
- arch: s390x
  packages:
  - url: https://cdn-ubi.redhat.com/content/public/ubi/dist/ubi10/10/s390x/baseos/os/Packages/l/libsemanage-3.9-1.el10.s390x.rpm
    repoid: ubi-10-for-s390x-for-s390x-baseos-rpms
    size: 126734
    checksum: sha256:f1a58985a2bf6cbbec51ca2b6c0cff4e079232e6d09e89a05caaa95d30e9eef2
    name: libsemanage
    evr: 3.9-1.el10
    sourcerpm: libsemanage-3.9-1.el10.src.rpm
  - url: https://cdn-ubi.redhat.com/content/public/ubi/dist/ubi10/10/s390x/baseos/os/Packages/l/libxcrypt-4.4.36-10.el10.s390x.rpm
    repoid: ubi-10-for-s390x-for-s390x-baseos-rpms
    size: 132147
    checksum: sha256:ad3c8dd53f9e752795e21c00b3469dcb72a848c8e16ca25fb61bcd71a840c44d
    name: libxcrypt
    evr: 4.4.36-10.el10
    sourcerpm: libxcrypt-4.4.36-10.el10.src.rpm
  - url: https://cdn-ubi.redhat.com/content/public/ubi/dist/ubi10/10/s390x/baseos/os/Packages/s/shadow-utils-4.15.0-8.el10.s390x.rpm
    repoid: ubi-10-for-s390x-for-s390x-baseos-rpms
    size: 1420683
    checksum: sha256:9483bcaca4306cbb6879bf49027d56f88f8db3b98057af5591a36410d5f03f23
    name: shadow-utils
    evr: 2:4.15.0-8.el10
    sourcerpm: shadow-utils-4.15.0-8.el10.src.rpm
  - url: https://cdn-ubi.redhat.com/content/public/ubi/dist/ubi10/10/s390x/baseos/os/Packages/t/tzdata-2025b-2.el10.noarch.rpm
    repoid: ubi-10-for-s390x-for-s390x-baseos-rpms
    size: 923754
    checksum: sha256:46fc235635824c6e18fe7eeb6788be01c6b703165b793d9d83a1194d057da36e
    name: tzdata
    evr: 2025b-2.el10
    sourcerpm: tzdata-2025b-2.el10.src.rpm
  source: []
  module_metadata: []
- arch: x86_64
  packages:
  - url: https://cdn-ubi.redhat.com/content/public/ubi/dist/ubi10/10/x86_64/baseos/os/Packages/l/libsemanage-3.9-1.el10.x86_64.rpm
    repoid: ubi-10-for-x86_64-for-x86_64-baseos-rpms
    size: 124650
    checksum: sha256:fa05a25b4e0e3803f7471c1be5ed8f37d09344a8d06374bf8792989de9c7d421
    name: libsemanage
    evr: 3.9-1.el10
    sourcerpm: libsemanage-3.9-1.el10.src.rpm
  - url: https://cdn-ubi.redhat.com/content/public/ubi/dist/ubi10/10/x86_64/baseos/os/Packages/l/libxcrypt-4.4.36-10.el10.x86_64.rpm
    repoid: ubi-10-for-x86_64-for-x86_64-baseos-rpms
    size: 127002
    checksum: sha256:aaf3d1f7a232c9e583d6c52904c9b640e0dd3de4be80219eab0de3d66601dac4
    name: libxcrypt
    evr: 4.4.36-10.el10
    sourcerpm: libxcrypt-4.4.36-10.el10.src.rpm
  - url: https://cdn-ubi.redhat.com/content/public/ubi/dist/ubi10/10/x86_64/baseos/os/Packages/s/shadow-utils-4.15.0-8.el10.x86_64.rpm
    repoid: ubi-10-for-x86_64-for-x86_64-baseos-rpms
    size: 1411048
    checksum: sha256:8d7e3846a08b620dbde011b15b8e058f579fccf3a1989c4321beaaf68631cc87
    name: shadow-utils
    evr: 2:4.15.0-8.el10
    sourcerpm: shadow-utils-4.15.0-8.el10.src.rpm
  - url: https://cdn-ubi.redhat.com/content/public/ubi/dist/ubi10/10/x86_64/baseos/os/Packages/t/tzdata-2025b-2.el10.noarch.rpm
    repoid: ubi-10-for-x86_64-for-x86_64-baseos-rpms
    size: 923754
    checksum: sha256:46fc235635824c6e18fe7eeb6788be01c6b703165b793d9d83a1194d057da36e
    name: tzdata
    evr: 2025b-2.el10
    sourcerpm: tzdata-2025b-2.el10.src.rpm
  source: []
  module_metadata: []
